
Microsoft Visual Studio Solution File, Format Version 12.00
# Visual Studio Version 17
VisualStudioVersion = 17.7.34031.279
MinimumVisualStudioVersion = 10.0.40219.1
Project("{FAE04EC0-301F-11D3-BF4B-00C04F79EFBC}") = "UMS", "UMS\UMS.csproj", "{0EF31F0F-2E29-4E8D-B7D4-5FA8F41A763F}"
EndProject
Global
	GlobalSection(SolutionConfigurationPlatforms) = preSolution
		Debug|Any CPU = Debug|Any CPU
		Release|Any CPU = Release|Any CPU
	EndGlobalSection
	GlobalSection(ProjectConfigurationPlatforms) = postSolution
		{0EF31F0F-2E29-4E8D-B7D4-5FA8F41A763F}.Debug|Any CPU.ActiveCfg = Debug|Any CPU
		{0EF31F0F-2E29-4E8D-B7D4-5FA8F41A763F}.Debug|Any CPU.Build.0 = Debug|Any CPU
		{0EF31F0F-2E29-4E8D-B7D4-5FA8F41A763F}.Release|Any CPU.ActiveCfg = Release|Any CPU
		{0EF31F0F-2E29-4E8D-B7D4-5FA8F41A763F}.Release|Any CPU.Build.0 = Release|Any CPU
	EndGlobalSection
	GlobalSection(SolutionProperties) = preSolution
		HideSolutionNode = FALSE
	EndGlobalSection
	GlobalSection(ExtensibilityGlobals) = postSolution
		SolutionGuid = {C829DF20-D98A-41A3-A423-3B6200F4AECB}
	EndGlobalSection
EndGlobal
